
Microsoft Visual Studio Solution File, Format Version 12.00
# Visual Studio 15
VisualStudioVersion = 15.0.27703.2042
MinimumVisualStudioVersion = 10.0.40219.1
Project("{FAE04EC0-301F-11D3-BF4B-00C04F79EFBC}") = "ChangeExtension", "ChangeExtension\ChangeExtension.csproj", "{28EE1572-2DBD-45C5-BA7D-916B7BF8DB8B}"
EndProject
Global
	GlobalSection(SolutionConfigurationPlatforms) = preSolution
		Debug|Any CPU = Debug|Any CPU
		Release|Any CPU = Release|Any CPU
	EndGlobalSection
	GlobalSection(ProjectConfigurationPlatforms) = postSolution
		{28EE1572-2DBD-45C5-BA7D-916B7BF8DB8B}.Debug|Any CPU.ActiveCfg = Debug|Any CPU
		{28EE1572-2DBD-45C5-BA7D-916B7BF8DB8B}.Debug|Any CPU.Build.0 = Debug|Any CPU
		{28EE1572-2DBD-45C5-BA7D-916B7BF8DB8B}.Release|Any CPU.ActiveCfg = Release|Any CPU
		{28EE1572-2DBD-45C5-BA7D-916B7BF8DB8B}.Release|Any CPU.Build.0 = Release|Any CPU
	EndGlobalSection
	GlobalSection(SolutionProperties) = preSolution
		HideSolutionNode = FALSE
	EndGlobalSection
	GlobalSection(ExtensibilityGlobals) = postSolution
		SolutionGuid = {3EC06E1F-A5AE-44C0-A836-434179FDD390}
	EndGlobalSection
EndGlobal
